
Microsoft Visual Studio Solution File, Format Version 12.00
# Visual Studio 15
VisualStudioVersion = 15.0.26124.0
MinimumVisualStudioVersion = 15.0.26124.0
Project("{FAE04EC0-301F-11D3-BF4B-00C04F79EFBC}") = "Text", "Text\Text.csproj", "{7BC25469-3090-4207-B4D8-CFAB532E3554}"
EndProject
Project("{FAE04EC0-301F-11D3-BF4B-00C04F79EFBC}") = "Text.Tests", "Text.Tests\Text.Tests.csproj", "{2834680C-07D1-4FA3-B5B7-38B99F9E08E1}"
EndProject
Global
	GlobalSection(SolutionConfigurationPlatforms) = preSolution
		Debug|Any CPU = Debug|Any CPU
		Debug|x64 = Debug|x64
		Debug|x86 = Debug|x86
		Release|Any CPU = Release|Any CPU
		Release|x64 = Release|x64
		Release|x86 = Release|x86
	EndGlobalSection
	GlobalSection(SolutionProperties) = preSolution
		HideSolutionNode = FALSE
	EndGlobalSection
	GlobalSection(ProjectConfigurationPlatforms) = postSolution
		{7BC25469-3090-4207-B4D8-CFAB532E3554}.Debug|Any CPU.ActiveCfg = Debug|Any CPU
		{7BC25469-3090-4207-B4D8-CFAB532E3554}.Debug|Any CPU.Build.0 = Debug|Any CPU
		{7BC25469-3090-4207-B4D8-CFAB532E3554}.Debug|x64.ActiveCfg = Debug|Any CPU
		{7BC25469-3090-4207-B4D8-CFAB532E3554}.Debug|x64.Build.0 = Debug|Any CPU
		{7BC25469-3090-4207-B4D8-CFAB532E3554}.Debug|x86.ActiveCfg = Debug|Any CPU
		{7BC25469-3090-4207-B4D8-CFAB532E3554}.Debug|x86.Build.0 = Debug|Any CPU
		{7BC25469-3090-4207-B4D8-CFAB532E3554}.Release|Any CPU.ActiveCfg = Release|Any CPU
		{7BC25469-3090-4207-B4D8-CFAB532E3554}.Release|Any CPU.Build.0 = Release|Any CPU
		{7BC25469-3090-4207-B4D8-CFAB532E3554}.Release|x64.ActiveCfg = Release|Any CPU
		{7BC25469-3090-4207-B4D8-CFAB532E3554}.Release|x64.Build.0 = Release|Any CPU
		{7BC25469-3090-4207-B4D8-CFAB532E3554}.Release|x86.ActiveCfg = Release|Any CPU
		{7BC25469-3090-4207-B4D8-CFAB532E3554}.Release|x86.Build.0 = Release|Any CPU
		{2834680C-07D1-4FA3-B5B7-38B99F9E08E1}.Debug|Any CPU.ActiveCfg = Debug|Any CPU
		{2834680C-07D1-4FA3-B5B7-38B99F9E08E1}.Debug|Any CPU.Build.0 = Debug|Any CPU
		{2834680C-07D1-4FA3-B5B7-38B99F9E08E1}.Debug|x64.ActiveCfg = Debug|Any CPU
		{2834680C-07D1-4FA3-B5B7-38B99F9E08E1}.Debug|x64.Build.0 = Debug|Any CPU
		{2834680C-07D1-4FA3-B5B7-38B99F9E08E1}.Debug|x86.ActiveCfg = Debug|Any CPU
		{2834680C-07D1-4FA3-B5B7-38B99F9E08E1}.Debug|x86.Build.0 = Debug|Any CPU
		{2834680C-07D1-4FA3-B5B7-38B99F9E08E1}.Release|Any CPU.ActiveCfg = Release|Any CPU
		{2834680C-07D1-4FA3-B5B7-38B99F9E08E1}.Release|Any CPU.Build.0 = Release|Any CPU
		{2834680C-07D1-4FA3-B5B7-38B99F9E08E1}.Release|x64.ActiveCfg = Release|Any CPU
		{2834680C-07D1-4FA3-B5B7-38B99F9E08E1}.Release|x64.Build.0 = Release|Any CPU
		{2834680C-07D1-4FA3-B5B7-38B99F9E08E1}.Release|x86.ActiveCfg = Release|Any CPU
		{2834680C-07D1-4FA3-B5B7-38B99F9E08E1}.Release|x86.Build.0 = Release|Any CPU
	EndGlobalSection
EndGlobal
